
Microsoft Visual Studio Solution File, Format Version 12.00
# Visual Studio Version 16
VisualStudioVersion = 16.0.29009.5
MinimumVisualStudioVersion = 10.0.40219.1
Project("{FAE04EC0-301F-11D3-BF4B-00C04F79EFBC}") = "TestingGuideGit", "TestingGuideGit\TestingGuideGit.csproj", "{75A413A4-368A-4DF2-A3DC-2B1E7D2C6AFF}"
EndProject
Global
	GlobalSection(SolutionConfigurationPlatforms) = preSolution
		Debug|Any CPU = Debug|Any CPU
		Release|Any CPU = Release|Any CPU
	EndGlobalSection
	GlobalSection(ProjectConfigurationPlatforms) = postSolution
		{75A413A4-368A-4DF2-A3DC-2B1E7D2C6AFF}.Debug|Any CPU.ActiveCfg = Debug|Any CPU
		{75A413A4-368A-4DF2-A3DC-2B1E7D2C6AFF}.Debug|Any CPU.Build.0 = Debug|Any CPU
		{75A413A4-368A-4DF2-A3DC-2B1E7D2C6AFF}.Release|Any CPU.ActiveCfg = Release|Any CPU
		{75A413A4-368A-4DF2-A3DC-2B1E7D2C6AFF}.Release|Any CPU.Build.0 = Release|Any CPU
	EndGlobalSection
	GlobalSection(SolutionProperties) = preSolution
		HideSolutionNode = FALSE
	EndGlobalSection
	GlobalSection(ExtensibilityGlobals) = postSolution
		SolutionGuid = {F56B8D56-DD17-4023-8FF9-F7CB17F3BF62}
	EndGlobalSection
EndGlobal
